Microsoft Visual Studio Solution File, Format Version 11.00
# Visual Studio 2008

Project("{E9D4555F-271F-FAA7-E541-7C05ED0A969D}") = "MentorDanmarkApp2", "Assembly-CSharp-firstpass.csproj", "{40CF0DAB-61C3-C44A-E7E1-6BC3629F3BE2}"
EndProject
Project("{E9D4555F-271F-FAA7-E541-7C05ED0A969D}") = "MentorDanmarkApp2", "Assembly-CSharp.csproj", "{307ADF4D-676B-2959-4307-CDFE254275A3}"
EndProject
Global
	GlobalSection(SolutionConfigurationPlatforms) = preSolution
		Debug|Any CPU = Debug|Any CPU
		Release|Any CPU = Release|Any CPU
	EndGlobalSection
	GlobalSection(ProjectConfigurationPlatforms) = postSolution
		{40CF0DAB-61C3-C44A-E7E1-6BC3629F3BE2}.Debug|Any CPU.ActiveCfg = Debug|Any CPU
		{40CF0DAB-61C3-C44A-E7E1-6BC3629F3BE2}.Debug|Any CPU.Build.0 = Debug|Any CPU
		{40CF0DAB-61C3-C44A-E7E1-6BC3629F3BE2}.Release|Any CPU.ActiveCfg = Release|Any CPU
		{40CF0DAB-61C3-C44A-E7E1-6BC3629F3BE2}.Release|Any CPU.Build.0 = Release|Any CPU
		{307ADF4D-676B-2959-4307-CDFE254275A3}.Debug|Any CPU.ActiveCfg = Debug|Any CPU
		{307ADF4D-676B-2959-4307-CDFE254275A3}.Debug|Any CPU.Build.0 = Debug|Any CPU
		{307ADF4D-676B-2959-4307-CDFE254275A3}.Release|Any CPU.ActiveCfg = Release|Any CPU
		{307ADF4D-676B-2959-4307-CDFE254275A3}.Release|Any CPU.Build.0 = Release|Any CPU
	EndGlobalSection
	GlobalSection(SolutionProperties) = preSolution
		HideSolutionNode = FALSE
	EndGlobalSection
					GlobalSection(MonoDevelopProperties) = preSolution
		StartupItem = Assembly-CSharp.csproj
		Policies = $0
		$0.TextStylePolicy = $1
		$1.inheritsSet = null
		$1.scope = text/x-csharp
		$0.CSharpFormattingPolicy = $2
		$2.inheritsSet = Mono
		$2.inheritsScope = text/x-csharp
		$2.scope = text/x-csharp
		$0.TextStylePolicy = $3
		$3.FileWidth = 120
		$3.TabWidth = 4
		$3.IndentWidth = 4
		$3.EolMarker = Unix
		$3.inheritsSet = Mono
		$3.inheritsScope = text/plain
		$3.scope = text/plain
	EndGlobalSection

EndGlobal
